// !$*UTF8*$!
{
	archiveVersion = 1;
	classes = {
	};
	objectVersion = 50;
	objects = {

/* Begin PBXBuildFile section */
		CFBFC21923D3B7A5003B1D06 /* AppDelegate.swift in Sources */ = {isa = PBXBuildFile; fileRef = CFBFC21823D3B7A5003B1D06 /* AppDelegate.swift */; };
		CFBFC21B23D3B7A5003B1D06 /* SceneDelegate.swift in Sources */ = {isa = PBXBuildFile; fileRef = CFBFC21A23D3B7A5003B1D06 /* SceneDelegate.swift */; };
		CFBFC21D23D3B7A5003B1D06 /* ViewController.swift in Sources */ = {isa = PBXBuildFile; fileRef = CFBFC21C23D3B7A5003B1D06 /* ViewController.swift */; };
		CFBFC22023D3B7A5003B1D06 /* Main.storyboard in Resources */ = {isa = PBXBuildFile; fileRef = CFBFC21E23D3B7A5003B1D06 /* Main.storyboard */; };
		CFBFC22223D3B7A5003B1D06 /* Assets.xcassets in Resources */ = {isa = PBXBuildFile; fileRef = CFBFC22123D3B7A5003B1D06 /* Assets.xcassets */; };
		CFBFC22523D3B7A5003B1D06 /* LaunchScreen.storyboard in Resources */ = {isa = PBXBuildFile; fileRef = CFBFC22323D3B7A5003B1D06 /* LaunchScreen.storyboard */; };
		DBE1357723D3BA55005A6FA0 /* slideAndComment.swift in Sources */ = {isa = PBXBuildFile; fileRef = DBE1357623D3BA55005A6FA0 /* slideAndComment.swift */; };
/* End PBXBuildFile section */

/* Begin PBXFileReference section */
		CFBFC21523D3B7A5003B1D06 /* ProjectPothole.app */ = {isa = PBXFileReference; explicitFileType = wrapper.application; includeInIndex = 0; path = ProjectPothole.app; sourceTree = BUILT_PRODUCTS_DIR; };
		CFBFC21823D3B7A5003B1D06 /* AppDelegate.swift */ = {isa = PBXFileReference; lastKnownFileType = sourcecode.swift; path = AppDelegate.swift; sourceTree = "<group>"; };
		CFBFC21A23D3B7A5003B1D06 /* SceneDelegate.swift */ = {isa = PBXFileReference; lastKnownFileType = sourcecode.swift; path = SceneDelegate.swift; sourceTree = "<group>"; };
		CFBFC21C23D3B7A5003B1D06 /* ViewController.swift */ = {isa = PBXFileReference; lastKnownFileType = sourcecode.swift; path = ViewController.swift; sourceTree = "<group>"; };
		CFBFC21F23D3B7A5003B1D06 /* Base */ = {isa = PBXFileReference; lastKnownFileType = file.storyboard; name = Base; path = Base.lproj/Main.storyboard; sourceTree = "<group>"; };
		CFBFC22123D3B7A5003B1D06 /* Assets.xcassets */ = {isa = PBXFileReference; lastKnownFileType = folder.assetcatalog; path = Assets.xcassets; sourceTree = "<group>"; };
		CFBFC22423D3B7A5003B1D06 /* Base */ = {isa = PBXFileReference; lastKnownFileType = file.storyboard; name = Base; path = Base.lproj/LaunchScreen.storyboard; sourceTree = "<group>"; };
		CFBFC22623D3B7A5003B1D06 /* Info.plist */ = {isa = PBXFileReference; lastKnownFileType = text.plist.xml; path = Info.plist; sourceTree = "<group>"; };
		DBE1357623D3BA55005A6FA0 /* slideAndComment.swift */ = {isa = PBXFileReference; lastKnownFileType = sourcecode.swift; path = slideAndComment.swift; sourceTree = "<group>"; };
/* End PBXFileReference section */

/* Begin PBXFrameworksBuildPhase section */
		CFBFC21223D3B7A5003B1D06 /* Frameworks */ = {
			isa = PBXFrameworksBuildPhase;
			buildActionMask = 2147483647;
			files = (
			);
			runOnlyForDeploymentPostprocessing = 0;
		};
/* End PBXFrameworksBuildPhase section */

/* Begin PBXGroup section */
		CFBFC20C23D3B7A5003B1D06 = {
			isa = PBXGroup;
			children = (
				CFBFC21723D3B7A5003B1D06 /* ProjectPothole */,
				CFBFC21623D3B7A5003B1D06 /* Products */,
			);
			sourceTree = "<group>";
		};
		CFBFC21623D3B7A5003B1D06 /* Products */ = {
			isa = PBXGroup;
			children = (
				CFBFC21523D3B7A5003B1D06 /* ProjectPothole.app */,
			);
			name = Products;
			sourceTree = "<group>";
		};
		CFBFC21723D3B7A5003B1D06 /* ProjectPothole */ = {
			isa = PBXGroup;
			children = (
				CFBFC21823D3B7A5003B1D06 /* AppDelegate.swift */,
				CFBFC21A23D3B7A5003B1D06 /* SceneDelegate.swift */,
				CFBFC21C23D3B7A5003B1D06 /* ViewController.swift */,
				CFBFC21E23D3B7A5003B1D06 /* Main.storyboard */,
				DBE1357623D3BA55005A6FA0 /* slideAndComment.swift */,
				CFBFC22123D3B7A5003B1D06 /* Assets.xcassets */,
				CFBFC22323D3B7A5003B1D06 /* LaunchScreen.storyboard */,
				CFBFC22623D3B7A5003B1D06 /* Info.plist */,
			);
			path = ProjectPothole;
			sourceTree = "<group>";
		};
/* End PBXGroup section */

/* Begin PBXNativeTarget section */
		CFBFC21423D3B7A5003B1D06 /* ProjectPothole */ = {
			isa = PBXNativeTarget;
			buildConfigurationList = CFBFC22923D3B7A5003B1D06 /* Build configuration list for PBXNativeTarget "ProjectPothole" */;
			buildPhases = (
				CFBFC21123D3B7A5003B1D06 /* Sources */,
				CFBFC21223D3B7A5003B1D06 /* Frameworks */,
				CFBFC21323D3B7A5003B1D06 /* Resources */,
			);
			buildRules = (
			);
			dependencies = (
			);
			name = ProjectPothole;
			productName = ProjectPothole;
			productReference = CFBFC21523D3B7A5003B1D06 /* ProjectPothole.app */;
			productType = "com.apple.product-type.application";
		};
/* End PBXNativeTarget section */

/* Begin PBXProject section */
		CFBFC20D23D3B7A5003B1D06 /* Project object */ = {
			isa = PBXProject;
			attributes = {
				LastSwiftUpdateCheck = 1130;
				LastUpgradeCheck = 1130;
				ORGANIZATIONNAME = ucsbteam;
				TargetAttributes = {
					CFBFC21423D3B7A5003B1D06 = {
						CreatedOnToolsVersion = 11.3.1;
					};
				};
			};
			buildConfigurationList = CFBFC21023D3B7A5003B1D06 /* Build configuration list for PBXProject "ProjectPothole" */;
			compatibilityVersion = "Xcode 9.3";
			developmentRegion = en;
			hasScannedForEncodings = 0;
			knownRegions = (
				en,
				Base,
			);
			mainGroup = CFBFC20C23D3B7A5003B1D06;
			productRefGroup = CFBFC21623D3B7A5003B1D06 /* Products */;
			projectDirPath = "";
			projectRoot = "";
			targets = (
				CFBFC21423D3B7A5003B1D06 /* ProjectPothole */,
			);
		};
/* End PBXProject section */

/* Begin PBXResourcesBuildPhase section */
		CFBFC21323D3B7A5003B1D06 /* Resources */ = {
			isa = PBXResourcesBuildPhase;
			buildActionMask = 2147483647;
			files = (
				CFBFC22523D3B7A5003B1D06 /* LaunchScreen.storyboard in Resources */,
				CFBFC22223D3B7A5003B1D06 /* Assets.xcassets in Resources */,
				CFBFC22023D3B7A5003B1D06 /* Main.storyboard in Resources */,
			);
			runOnlyForDeploymentPostprocessing = 0;
		};
/* End PBXResourcesBuildPhase section */

/* Begin PBXSourcesBuildPhase section */
		CFBFC21123D3B7A5003B1D06 /* Sources */ = {
			isa = PBXSourcesBuildPhase;
			buildActionMask = 2147483647;
			files = (
				CFBFC21D23D3B7A5003B1D06 /* ViewController.swift in Sources */,
				CFBFC21923D3B7A5003B1D06 /* AppDelegate.swift in Sources */,
				CFBFC21B23D3B7A5003B1D06 /* SceneDelegate.swift in Sources */,
				DBE1357723D3BA55005A6FA0 /* slideAndComment.swift in Sources */,
			);
			runOnlyForDeploymentPostprocessing = 0;
		};
/* End PBXSourcesBuildPhase section */

/* Begin PBXVariantGroup section */
		CFBFC21E23D3B7A5003B1D06 /* Main.storyboard */ = {
			isa = PBXVariantGroup;
			children = (
				CFBFC21F23D3B7A5003B1D06 /* Base */,
			);
			name = Main.storyboard;
			sourceTree = "<group>";
		};
		CFBFC22323D3B7A5003B1D06 /* LaunchScreen.storyboard */ = {
			isa = PBXVariantGroup;
			children = (
				CFBFC22423D3B7A5003B1D06 /* Base */,
			);
			name = LaunchScreen.storyboard;
			sourceTree = "<group>";
		};
/* End PBXVariantGroup section */

/* Begin XCBuildConfiguration section */
		CFBFC22723D3B7A5003B1D06 /* Debug */ = {
			isa = XCBuildConfiguration;
			buildSettings = {
				ALWAYS_SEARCH_USER_PATHS = NO;
				CLANG_ANALYZER_NONNULL = YES;
				CLANG_ANALYZER_NUMBER_OBJECT_CONVERSION = YES_AGGRESSIVE;
				CLANG_CXX_LANGUAGE_STANDARD = "gnu++14";
				CLANG_CXX_LIBRARY = "libc++";
				CLANG_ENABLE_MODULES = YES;
				CLANG_ENABLE_OBJC_ARC = YES;
				CLANG_ENABLE_OBJC_WEAK = YES;
				CLANG_WARN_BLOCK_CAPTURE_AUTORELEASING = YES;
				CLANG_WARN_BOOL_CONVERSION = YES;
				CLANG_WARN_COMMA = YES;
				CLANG_WARN_CONSTANT_CONVERSION = YES;
				CLANG_WARN_DEPRECATED_OBJC_IMPLEMENTATIONS = YES;
				CLANG_WARN_DIRECT_OBJC_ISA_USAGE = YES_ERROR;
				CLANG_WARN_DOCUMENTATION_COMMENTS = YES;
				CLANG_WARN_EMPTY_BODY = YES;
				CLANG_WARN_ENUM_CONVERSION = YES;
				CLANG_WARN_INFINITE_RECURSION = YES;
				CLANG_WARN_INT_CONVERSION = YES;
				CLANG_WARN_NON_LITERAL_NULL_CONVERSION = YES;
				CLANG_WARN_OBJC_IMPLICIT_RETAIN_SELF = YES;
				CLANG_WARN_OBJC_LITERAL_CONVERSION = YES;
				CLANG_WARN_OBJC_ROOT_CLASS = YES_ERROR;
				CLANG_WARN_RANGE_LOOP_ANALYSIS = YES;
				CLANG_WARN_STRICT_PROTOTYPES = YES;
				CLANG_WARN_SUSPICIOUS_MOVE = YES;
				CLANG_WARN_UNGUARDED_AVAILABILITY = YES_AGGRESSIVE;
				CLANG_WARN_UNREACHABLE_CODE = YES;
				CLANG_WARN__DUPLICATE_METHOD_MATCH = YES;
				COPY_PHASE_STRIP = NO;
				DEBUG_INFORMATION_FORMAT = dwarf;
				ENABLE_STRICT_OBJC_MSGSEND = YES;
				ENABLE_TESTABILITY = YES;
				GCC_C_LANGUAGE_STANDARD = gnu11;
				GCC_DYNAMIC_NO_PIC = NO;
				GCC_NO_COMMON_BLOCKS = YES;
				GCC_OPTIMIZATION_LEVEL = 0;
				GCC_PREPROCESSOR_DEFINITIONS = (
					"DEBUG=1",
					"$(inherited)",
				);
				GCC_WARN_64_TO_32_BIT_CONVERSION = YES;
				GCC_WARN_ABOUT_RETURN_TYPE = YES_ERROR;
				GCC_WARN_UNDECLARED_SELECTOR = YES;
				GCC_WARN_UNINITIALIZED_AUTOS = YES_AGGRESSIVE;
				GCC_WARN_UNUSED_FUNCTION = YES;
				GCC_WARN_UNUSED_VARIABLE = YES;
				IPHONEOS_DEPLOYMENT_TARGET = 13.2;
				MTL_ENABLE_DEBUG_INFO = INCLUDE_SOURCE;
				MTL_FAST_MATH = YES;
				ONLY_ACTIVE_ARCH = YES;
				SDKROOT = iphoneos;
				SWIFT_ACTIVE_COMPILATION_CONDITIONS = DEBUG;
				SWIFT_OPTIMIZATION_LEVEL = "-Onone";
			};
			name = Debug;
		};
		CFBFC22823D3B7A5003B1D06 /* Release */ = {
			isa = XCBuildConfiguration;
			buildSettings = {
				ALWAYS_SEARCH_USER_PATHS = NO;
				CLANG_ANALYZER_NONNULL = YES;
				CLANG_ANALYZER_NUMBER_OBJECT_CONVERSION = YES_AGGRESSIVE;
				CLANG_CXX_LANGUAGE_STANDARD = "gnu++14";
				CLANG_CXX_LIBRARY = "libc++";
				CLANG_ENABLE_MODULES = YES;
				CLANG_ENABLE_OBJC_ARC = YES;
				CLANG_ENABLE_OBJC_WEAK = YES;
				CLANG_WARN_BLOCK_CAPTURE_AUTORELEASING = YES;
				CLANG_WARN_BOOL_CONVERSION = YES;
				CLANG_WARN_COMMA = YES;
				CLANG_WARN_CONSTANT_CONVERSION = YES;
				CLANG_WARN_DEPRECATED_OBJC_IMPLEMENTATIONS = YES;
				CLANG_WARN_DIRECT_OBJC_ISA_USAGE = YES_ERROR;
				CLANG_WARN_DOCUMENTATION_COMMENTS = YES;
				CLANG_WARN_EMPTY_BODY = YES;
				CLANG_WARN_ENUM_CONVERSION = YES;
				CLANG_WARN_INFINITE_RECURSION = YES;
				CLANG_WARN_INT_CONVERSION = YES;
				CLANG_WARN_NON_LITERAL_NULL_CONVERSION = YES;
				CLANG_WARN_OBJC_IMPLICIT_RETAIN_SELF = YES;
				CLANG_WARN_OBJC_LITERAL_CONVERSION = YES;
				CLANG_WARN_OBJC_ROOT_CLASS = YES_ERROR;
				CLANG_WARN_RANGE_LOOP_ANALYSIS = YES;
				CLANG_WARN_STRICT_PROTOTYPES = YES;
				CLANG_WARN_SUSPICIOUS_MOVE = YES;
				CLANG_WARN_UNGUARDED_AVAILABILITY = YES_AGGRESSIVE;
				CLANG_WARN_UNREACHABLE_CODE = YES;
				CLANG_WARN__DUPLICATE_METHOD_MATCH = YES;
				COPY_PHASE_STRIP = NO;
				DEBUG_INFORMATION_FORMAT = "dwarf-with-dsym";
				ENABLE_NS_ASSERTIONS = NO;
				ENABLE_STRICT_OBJC_MSGSEND = YES;
				GCC_C_LANGUAGE_STANDARD = gnu11;
				GCC_NO_COMMON_BLOCKS = YES;
				GCC_WARN_64_TO_32_BIT_CONVERSION = YES;
				GCC_WARN_ABOUT_RETURN_TYPE = YES_ERROR;
				GCC_WARN_UNDECLARED_SELECTOR = YES;
				GCC_WARN_UNINITIALIZED_AUTOS = YES_AGGRESSIVE;
				GCC_WARN_UNUSED_FUNCTION = YES;
				GCC_WARN_UNUSED_VARIABLE = YES;
				IPHONEOS_DEPLOYMENT_TARGET = 13.2;
				MTL_ENABLE_DEBUG_INFO = NO;
				MTL_FAST_MATH = YES;
				SDKROOT = iphoneos;
				SWIFT_COMPILATION_MODE = wholemodule;
				SWIFT_OPTIMIZATION_LEVEL = "-O";
				VALIDATE_PRODUCT = YES;
			};
			name = Release;
		};
		CFBFC22A23D3B7A5003B1D06 /* Debug */ = {
			isa = XCBuildConfiguration;
			buildSettings = {
				ASSETCATALOG_COMPILER_APPICON_NAME = AppIcon;
				CODE_SIGN_STYLE = Automatic;
				DEVELOPMENT_ASSET_PATHS = "";
				INFOPLIST_FILE = ProjectPothole/Info.plist;
				IPHONEOS_DEPLOYMENT_TARGET = 13.0;
				LD_RUNPATH_SEARCH_PATHS = (
					"$(inherited)",
					"@executable_path/Frameworks",
				);
				PRODUCT_BUNDLE_IDENTIFIER = ucsbteam.ProjectPothole;
				PRODUCT_NAME = "$(TARGET_NAME)";
				SWIFT_VERSION = 5.0;
				TARGETED_DEVICE_FAMILY = "1,2";
			};
			name = Debug;
		};
		CFBFC22B23D3B7A5003B1D06 /* Release */ = {
			isa = XCBuildConfiguration;
			buildSettings = {
				ASSETCATALOG_COMPILER_APPICON_NAME = AppIcon;
				CODE_SIGN_STYLE = Automatic;
				DEVELOPMENT_ASSET_PATHS = "";
				INFOPLIST_FILE = ProjectPothole/Info.plist;
				IPHONEOS_DEPLOYMENT_TARGET = 13.0;
				LD_RUNPATH_SEARCH_PATHS = (
					"$(inherited)",
					"@executable_path/Frameworks",
				);
				PRODUCT_BUNDLE_IDENTIFIER = ucsbteam.ProjectPothole;
				PRODUCT_NAME = "$(TARGET_NAME)";
				SWIFT_VERSION = 5.0;
				TARGETED_DEVICE_FAMILY = "1,2";
			};
			name = Release;
		};
/* End XCBuildConfiguration section */

/* Begin XCConfigurationList section */
		CFBFC21023D3B7A5003B1D06 /* Build configuration list for PBXProject "ProjectPothole" */ = {
			isa = XCConfigurationList;
			buildConfigurations = (
				CFBFC22723D3B7A5003B1D06 /* Debug */,
				CFBFC22823D3B7A5003B1D06 /* Release */,
			);
			defaultConfigurationIsVisible = 0;
			defaultConfigurationName = Release;
		};
		CFBFC22923D3B7A5003B1D06 /* Build configuration list for PBXNativeTarget "ProjectPothole" */ = {
			isa = XCConfigurationList;
			buildConfigurations = (
				CFBFC22A23D3B7A5003B1D06 /* Debug */,
				CFBFC22B23D3B7A5003B1D06 /* Release */,
			);
			defaultConfigurationIsVisible = 0;
			defaultConfigurationName = Release;
		};
/* End XCConfigurationList section */
	};
	rootObject = CFBFC20D23D3B7A5003B1D06 /* Project object */;
}
